
Microsoft Visual Studio Solution File, Format Version 12.00
# Visual Studio 14
VisualStudioVersion = 14.0.24720.0
MinimumVisualStudioVersion = 10.0.40219.1
Project("{F2A71F9B-5D33-465A-A702-920D77279786}") = "FriendlyDotNet", "FriendlyDotNet\FriendlyDotNet.fsproj", "{629C8505-EE04-4D54-9BBC-95A89903306B}"
EndProject
Project("{2150E333-8FDC-42A3-9474-1A3956D46DE8}") = "Solution Items", "Solution Items", "{852063FC-4B51-453F-962C-9ACE0C4CBB2A}"
	ProjectSection(SolutionItems) = preProject
		Readme.md = Readme.md
	EndProjectSection
EndProject
Global
	GlobalSection(SolutionConfigurationPlatforms) = preSolution
		Debug|Any CPU = Debug|Any CPU
		Release|Any CPU = Release|Any CPU
	EndGlobalSection
	GlobalSection(ProjectConfigurationPlatforms) = postSolution
		{629C8505-EE04-4D54-9BBC-95A89903306B}.Debug|Any CPU.ActiveCfg = Debug|Any CPU
		{629C8505-EE04-4D54-9BBC-95A89903306B}.Debug|Any CPU.Build.0 = Debug|Any CPU
		{629C8505-EE04-4D54-9BBC-95A89903306B}.Release|Any CPU.ActiveCfg = Release|Any CPU
		{629C8505-EE04-4D54-9BBC-95A89903306B}.Release|Any CPU.Build.0 = Release|Any CPU
	EndGlobalSection
	GlobalSection(SolutionProperties) = preSolution
		HideSolutionNode = FALSE
	EndGlobalSection
EndGlobal
